// !$*UTF8*$!
{
  archiveVersion = 1;
  classes = {
  };
  objectVersion = 77;
  objects = {

/* Begin PBXContainerItemProxy section */
    A10000000000000000000011 /* PBXContainerItemProxy */ = {
      isa = PBXContainerItemProxy;
      containerPortal = A10000000000000000000001 /* Project object */;
      proxyType = 1;
      remoteGlobalIDString = A10000000000000000000007;
      remoteInfo = GitHubClient;
    };
/* End PBXContainerItemProxy section */

/* Begin PBXFileReference section */
    A10000000000000000000005 /* GitHubClient.app */ = {
      isa = PBXFileReference;
      explicitFileType = wrapper.application;
      includeInIndex = 0;
      path = GitHubClient.app;
      sourceTree = BUILT_PRODUCTS_DIR;
    };
    A10000000000000000000006 /* GitHubClientTests.xctest */ = {
      isa = PBXFileReference;
      explicitFileType = wrapper.cfbundle;
      includeInIndex = 0;
      path = GitHubClientTests.xctest;
      sourceTree = BUILT_PRODUCTS_DIR;
    };
/* End PBXFileReference section */

/* Begin PBXFileSystemSynchronizedRootGroup section */
    A10000000000000000000003 /* GitHubClient */ = {
      isa = PBXFileSystemSynchronizedRootGroup;
      path = GitHubClient;
      sourceTree = "<group>";
    };
    A10000000000000000000004 /* GitHubClientTests */ = {
      isa = PBXFileSystemSynchronizedRootGroup;
      path = GitHubClientTests;
      sourceTree = "<group>";
    };
/* End PBXFileSystemSynchronizedRootGroup section */

/* Begin PBXFrameworksBuildPhase section */
    A10000000000000000000008 /* Frameworks */ = {
      isa = PBXFrameworksBuildPhase;
      buildActionMask = 2147483647;
      files = (
      );
      runOnlyForDeploymentPostprocessing = 0;
    };
    A1000000000000000000000B /* Frameworks */ = {
      isa = PBXFrameworksBuildPhase;
      buildActionMask = 2147483647;
      files = (
      );
      runOnlyForDeploymentPostprocessing = 0;
    };
/* End PBXFrameworksBuildPhase section */

/* Begin PBXGroup section */
    A10000000000000000000002 = {
      isa = PBXGroup;
      children = (
        A10000000000000000000003 /* GitHubClient */,
        A10000000000000000000004 /* GitHubClientTests */,
        A1000000000000000000000E /* Products */,
      );
      sourceTree = "<group>";
    };
    A1000000000000000000000E /* Products */ = {
      isa = PBXGroup;
      children = (
        A10000000000000000000005 /* GitHubClient.app */,
        A10000000000000000000006 /* GitHubClientTests.xctest */,
      );
      name = Products;
      sourceTree = "<group>";
    };
/* End PBXGroup section */

/* Begin PBXNativeTarget section */
    A10000000000000000000007 /* GitHubClient */ = {
      isa = PBXNativeTarget;
      buildConfigurationList = A10000000000000000000017 /* Build configuration list for PBXNativeTarget "GitHubClient" */;
      buildPhases = (
        A10000000000000000000009 /* Sources */,
        A10000000000000000000008 /* Frameworks */,
        A1000000000000000000000A /* Resources */,
      );
      buildRules = (
      );
      dependencies = (
      );
      fileSystemSynchronizedGroups = (
        A10000000000000000000003 /* GitHubClient */,
      );
      name = GitHubClient;
      packageProductDependencies = (
      );
      productName = GitHubClient;
      productReference = A10000000000000000000005 /* GitHubClient.app */;
      productType = "com.apple.product-type.application";
    };
    A1000000000000000000000F /* GitHubClientTests */ = {
      isa = PBXNativeTarget;
      buildConfigurationList = A10000000000000000000018 /* Build configuration list for PBXNativeTarget "GitHubClientTests" */;
      buildPhases = (
        A1000000000000000000000C /* Sources */,
        A1000000000000000000000B /* Frameworks */,
        A1000000000000000000000D /* Resources */,
      );
      buildRules = (
      );
      dependencies = (
        A10000000000000000000012 /* PBXTargetDependency */,
      );
      fileSystemSynchronizedGroups = (
        A10000000000000000000004 /* GitHubClientTests */,
      );
      name = GitHubClientTests;
      packageProductDependencies = (
      );
      productName = GitHubClientTests;
      productReference = A10000000000000000000006 /* GitHubClientTests.xctest */;
      productType = "com.apple.product-type.bundle.unit-test";
    };
/* End PBXNativeTarget section */

/* Begin PBXProject section */
    A10000000000000000000001 /* Project object */ = {
      isa = PBXProject;
      attributes = {
        BuildIndependentTargetsInParallel = 1;
        LastSwiftUpdateCheck = 2660;
        LastUpgradeCheck = 2660;
        TargetAttributes = {
          A10000000000000000000007 = {
            CreatedOnToolsVersion = 26.6;
          };
          A1000000000000000000000F = {
            CreatedOnToolsVersion = 26.6;
            TestTargetID = A10000000000000000000007;
          };
        };
      };
      buildConfigurationList = A10000000000000000000016 /* Build configuration list for PBXProject "GitHubClient" */;
      developmentRegion = en;
      hasScannedForEncodings = 0;
      knownRegions = (
        en,
        Base,
      );
      mainGroup = A10000000000000000000002;
      minimizedProjectReferenceProxies = 1;
      preferredProjectObjectVersion = 77;
      productRefGroup = A1000000000000000000000E /* Products */;
      projectDirPath = "";
      projectRoot = "";
      targets = (
        A10000000000000000000007 /* GitHubClient */,
        A1000000000000000000000F /* GitHubClientTests */,
      );
    };
/* End PBXProject section */

/* Begin PBXResourcesBuildPhase section */
    A1000000000000000000000A /* Resources */ = {
      isa = PBXResourcesBuildPhase;
      buildActionMask = 2147483647;
      files = (
      );
      runOnlyForDeploymentPostprocessing = 0;
    };
    A1000000000000000000000D /* Resources */ = {
      isa = PBXResourcesBuildPhase;
      buildActionMask = 2147483647;
      files = (
      );
      runOnlyForDeploymentPostprocessing = 0;
    };
/* End PBXResourcesBuildPhase section */

/* Begin PBXSourcesBuildPhase section */
    A10000000000000000000009 /* Sources */ = {
      isa = PBXSourcesBuildPhase;
      buildActionMask = 2147483647;
      files = (
      );
      runOnlyForDeploymentPostprocessing = 0;
    };
    A1000000000000000000000C /* Sources */ = {
      isa = PBXSourcesBuildPhase;
      buildActionMask = 2147483647;
      files = (
      );
      runOnlyForDeploymentPostprocessing = 0;
    };
/* End PBXSourcesBuildPhase section */

/* Begin PBXTargetDependency section */
    A10000000000000000000012 /* PBXTargetDependency */ = {
      isa = PBXTargetDependency;
      target = A10000000000000000000007 /* GitHubClient */;
      targetProxy = A10000000000000000000011 /* PBXContainerItemProxy */;
    };
/* End PBXTargetDependency section */

/* Begin XCBuildConfiguration section */
    A10000000000000000000013 /* Debug */ = {
      isa = XCBuildConfiguration;
      buildSettings = {
        ALWAYS_SEARCH_USER_PATHS = NO;
        CLANG_ENABLE_MODULES = YES;
        CLANG_ENABLE_OBJC_ARC = YES;
        CLANG_WARN_BOOL_CONVERSION = YES;
        CLANG_WARN_COMMA = YES;
        CLANG_WARN_CONSTANT_CONVERSION = YES;
        CLANG_WARN_DEPRECATED_OBJC_IMPLEMENTATIONS = YES;
        CLANG_WARN_DOCUMENTATION_COMMENTS = YES;
        CLANG_WARN_EMPTY_BODY = YES;
        CLANG_WARN_ENUM_CONVERSION = YES;
        CLANG_WARN_INFINITE_RECURSION = YES;
        CLANG_WARN_INT_CONVERSION = YES;
        CLANG_WARN_NON_LITERAL_NULL_CONVERSION = YES;
        CLANG_WARN_OBJC_IMPLICIT_RETAIN_SELF = YES;
        CLANG_WARN_OBJC_LITERAL_CONVERSION = YES;
        CLANG_WARN_QUOTED_INCLUDE_IN_FRAMEWORK_HEADER = YES;
        CLANG_WARN_RANGE_LOOP_ANALYSIS = YES;
        CLANG_WARN_STRICT_PROTOTYPES = YES;
        CLANG_WARN_SUSPICIOUS_MOVE = YES;
        CLANG_WARN_UNGUARDED_AVAILABILITY = YES_AGGRESSIVE;
        CLANG_WARN_UNREACHABLE_CODE = YES;
        COPY_PHASE_STRIP = NO;
        DEBUG_INFORMATION_FORMAT = dwarf;
        ENABLE_TESTABILITY = YES;
        ENABLE_USER_SCRIPT_SANDBOXING = YES;
        GCC_C_LANGUAGE_STANDARD = gnu17;
        GCC_NO_COMMON_BLOCKS = YES;
        GCC_OPTIMIZATION_LEVEL = 0;
        GCC_PREPROCESSOR_DEFINITIONS = (
          "DEBUG=1",
          "$(inherited)",
        );
        IPHONEOS_DEPLOYMENT_TARGET = 17.0;
        MTL_ENABLE_DEBUG_INFO = INCLUDE_SOURCE;
        ONLY_ACTIVE_ARCH = YES;
        SDKROOT = iphoneos;
        SWIFT_ACTIVE_COMPILATION_CONDITIONS = "DEBUG $(inherited)";
        SWIFT_OPTIMIZATION_LEVEL = "-Onone";
      };
      name = Debug;
    };
    A10000000000000000000014 /* Release */ = {
      isa = XCBuildConfiguration;
      buildSettings = {
        ALWAYS_SEARCH_USER_PATHS = NO;
        CLANG_ENABLE_MODULES = YES;
        CLANG_ENABLE_OBJC_ARC = YES;
        CLANG_WARN_BOOL_CONVERSION = YES;
        CLANG_WARN_COMMA = YES;
        CLANG_WARN_CONSTANT_CONVERSION = YES;
        CLANG_WARN_DEPRECATED_OBJC_IMPLEMENTATIONS = YES;
        CLANG_WARN_DOCUMENTATION_COMMENTS = YES;
        CLANG_WARN_EMPTY_BODY = YES;
        CLANG_WARN_ENUM_CONVERSION = YES;
        CLANG_WARN_INFINITE_RECURSION = YES;
        CLANG_WARN_INT_CONVERSION = YES;
        CLANG_WARN_NON_LITERAL_NULL_CONVERSION = YES;
        CLANG_WARN_OBJC_IMPLICIT_RETAIN_SELF = YES;
        CLANG_WARN_OBJC_LITERAL_CONVERSION = YES;
        CLANG_WARN_QUOTED_INCLUDE_IN_FRAMEWORK_HEADER = YES;
        CLANG_WARN_RANGE_LOOP_ANALYSIS = YES;
        CLANG_WARN_STRICT_PROTOTYPES = YES;
        CLANG_WARN_SUSPICIOUS_MOVE = YES;
        CLANG_WARN_UNGUARDED_AVAILABILITY = YES_AGGRESSIVE;
        CLANG_WARN_UNREACHABLE_CODE = YES;
        COPY_PHASE_STRIP = YES;
        DEBUG_INFORMATION_FORMAT = "dwarf-with-dsym";
        ENABLE_NS_ASSERTIONS = NO;
        ENABLE_USER_SCRIPT_SANDBOXING = YES;
        GCC_C_LANGUAGE_STANDARD = gnu17;
        GCC_NO_COMMON_BLOCKS = YES;
        IPHONEOS_DEPLOYMENT_TARGET = 17.0;
        MTL_ENABLE_DEBUG_INFO = NO;
        SDKROOT = iphoneos;
        SWIFT_COMPILATION_MODE = wholemodule;
      };
      name = Release;
    };
    A10000000000000000000019 /* Debug */ = {
      isa = XCBuildConfiguration;
      buildSettings = {
        ASSETCATALOG_COMPILER_GENERATE_SWIFT_ASSET_SYMBOL_EXTENSIONS = YES;
        CODE_SIGN_STYLE = Automatic;
        CURRENT_PROJECT_VERSION = 1;
        DEVELOPMENT_ASSET_PATHS = "";
        ENABLE_PREVIEWS = YES;
        GENERATE_INFOPLIST_FILE = YES;
        INFOPLIST_KEY_UIApplicationSceneManifest_Generation = YES;
        INFOPLIST_KEY_UIApplicationSupportsIndirectInputEvents = YES;
        INFOPLIST_KEY_UILaunchScreen_Generation = YES;
        IPHONEOS_DEPLOYMENT_TARGET = 17.0;
        LD_RUNPATH_SEARCH_PATHS = (
          "$(inherited)",
          "@executable_path/Frameworks",
        );
        MARKETING_VERSION = 1.0;
        PRODUCT_BUNDLE_IDENTIFIER = a.popov.GitHubClient;
        PRODUCT_NAME = "$(TARGET_NAME)";
        STRING_CATALOG_GENERATE_SYMBOLS = YES;
        SWIFT_APPROACHABLE_CONCURRENCY = YES;
        SWIFT_DEFAULT_ACTOR_ISOLATION = MainActor;
        SWIFT_EMIT_LOC_STRINGS = YES;
        SWIFT_UPCOMING_FEATURE_MEMBER_IMPORT_VISIBILITY = YES;
        SWIFT_VERSION = 5.0;
        TARGETED_DEVICE_FAMILY = "1,2";
      };
      name = Debug;
    };
    A1000000000000000000001A /* Release */ = {
      isa = XCBuildConfiguration;
      buildSettings = {
        ASSETCATALOG_COMPILER_GENERATE_SWIFT_ASSET_SYMBOL_EXTENSIONS = YES;
        CODE_SIGN_STYLE = Automatic;
        CURRENT_PROJECT_VERSION = 1;
        DEVELOPMENT_ASSET_PATHS = "";
        ENABLE_PREVIEWS = YES;
        GENERATE_INFOPLIST_FILE = YES;
        INFOPLIST_KEY_UIApplicationSceneManifest_Generation = YES;
        INFOPLIST_KEY_UIApplicationSupportsIndirectInputEvents = YES;
        INFOPLIST_KEY_UILaunchScreen_Generation = YES;
        IPHONEOS_DEPLOYMENT_TARGET = 17.0;
        LD_RUNPATH_SEARCH_PATHS = (
          "$(inherited)",
          "@executable_path/Frameworks",
        );
        MARKETING_VERSION = 1.0;
        PRODUCT_BUNDLE_IDENTIFIER = a.popov.GitHubClient;
        PRODUCT_NAME = "$(TARGET_NAME)";
        STRING_CATALOG_GENERATE_SYMBOLS = YES;
        SWIFT_APPROACHABLE_CONCURRENCY = YES;
        SWIFT_DEFAULT_ACTOR_ISOLATION = MainActor;
        SWIFT_EMIT_LOC_STRINGS = YES;
        SWIFT_UPCOMING_FEATURE_MEMBER_IMPORT_VISIBILITY = YES;
        SWIFT_VERSION = 5.0;
        TARGETED_DEVICE_FAMILY = "1,2";
      };
      name = Release;
    };
    A1000000000000000000001B /* Debug */ = {
      isa = XCBuildConfiguration;
      buildSettings = {
        BUNDLE_LOADER = "$(TEST_HOST)";
        CODE_SIGN_STYLE = Automatic;
        CURRENT_PROJECT_VERSION = 1;
        GENERATE_INFOPLIST_FILE = YES;
        IPHONEOS_DEPLOYMENT_TARGET = 17.0;
        MARKETING_VERSION = 1.0;
        PRODUCT_BUNDLE_IDENTIFIER = a.popov.GitHubClientTests;
        PRODUCT_NAME = "$(TARGET_NAME)";
        SDKROOT = iphoneos;
        STRING_CATALOG_GENERATE_SYMBOLS = NO;
        SWIFT_APPROACHABLE_CONCURRENCY = YES;
        SWIFT_EMIT_LOC_STRINGS = NO;
        SWIFT_UPCOMING_FEATURE_MEMBER_IMPORT_VISIBILITY = YES;
        SWIFT_VERSION = 5.0;
        TARGETED_DEVICE_FAMILY = "1,2";
        TEST_HOST = "$(BUILT_PRODUCTS_DIR)/GitHubClient.app/$(BUNDLE_EXECUTABLE_FOLDER_PATH)/GitHubClient";
      };
      name = Debug;
    };
    A1000000000000000000001C /* Release */ = {
      isa = XCBuildConfiguration;
      buildSettings = {
        BUNDLE_LOADER = "$(TEST_HOST)";
        CODE_SIGN_STYLE = Automatic;
        CURRENT_PROJECT_VERSION = 1;
        GENERATE_INFOPLIST_FILE = YES;
        IPHONEOS_DEPLOYMENT_TARGET = 17.0;
        MARKETING_VERSION = 1.0;
        PRODUCT_BUNDLE_IDENTIFIER = a.popov.GitHubClientTests;
        PRODUCT_NAME = "$(TARGET_NAME)";
        SDKROOT = iphoneos;
        STRING_CATALOG_GENERATE_SYMBOLS = NO;
        SWIFT_APPROACHABLE_CONCURRENCY = YES;
        SWIFT_EMIT_LOC_STRINGS = NO;
        SWIFT_UPCOMING_FEATURE_MEMBER_IMPORT_VISIBILITY = YES;
        SWIFT_VERSION = 5.0;
        TARGETED_DEVICE_FAMILY = "1,2";
        TEST_HOST = "$(BUILT_PRODUCTS_DIR)/GitHubClient.app/$(BUNDLE_EXECUTABLE_FOLDER_PATH)/GitHubClient";
        VALIDATE_PRODUCT = YES;
      };
      name = Release;
    };
/* End XCBuildConfiguration section */

/* Begin XCConfigurationList section */
    A10000000000000000000016 /* Build configuration list for PBXProject "GitHubClient" */ = {
      isa = XCConfigurationList;
      buildConfigurations = (
        A10000000000000000000013 /* Debug */,
        A10000000000000000000014 /* Release */,
      );
      defaultConfigurationIsVisible = 0;
      defaultConfigurationName = Release;
    };
    A10000000000000000000017 /* Build configuration list for PBXNativeTarget "GitHubClient" */ = {
      isa = XCConfigurationList;
      buildConfigurations = (
        A10000000000000000000019 /* Debug */,
        A1000000000000000000001A /* Release */,
      );
      defaultConfigurationIsVisible = 0;
      defaultConfigurationName = Release;
    };
    A10000000000000000000018 /* Build configuration list for PBXNativeTarget "GitHubClientTests" */ = {
      isa = XCConfigurationList;
      buildConfigurations = (
        A1000000000000000000001B /* Debug */,
        A1000000000000000000001C /* Release */,
      );
      defaultConfigurationIsVisible = 0;
      defaultConfigurationName = Release;
    };
/* End XCConfigurationList section */
  };
  rootObject = A10000000000000000000001 /* Project object */;
}
